
Microsoft Visual Studio Solution File, Format Version 12.00
# Visual Studio Version 17
VisualStudioVersion = 17.3.32611.2
MinimumVisualStudioVersion = 10.0.40219.1
Project("{2150E333-8FDC-42A3-9474-1A3956D46DE8}") = "Domain", "Domain", "{1E3AED04-43DF-448A-BBBE-3DCA55A704D8}"
EndProject
Project("{9A19103F-16F7-4668-BE54-9A1E7A4F7556}") = "Domain", "src\Domain\Domain.csproj", "{CA4A1953-64C1-4424-870E-51696051638E}"
EndProject
Project("{2150E333-8FDC-42A3-9474-1A3956D46DE8}") = "Framework", "Framework", "{9976A387-5B08-423E-ACFB-2118300422F8}"
EndProject
Project("{2150E333-8FDC-42A3-9474-1A3956D46DE8}") = "Resources", "Resources", "{775413F3-A4E7-4952-8E29-0FA6F5AE2E30}"
EndProject
Project("{9A19103F-16F7-4668-BE54-9A1E7A4F7556}") = "Resources", "src\Resources\Resources.csproj", "{A14BDB3D-ECC5-48C2-8629-05B6AB1A8980}"
EndProject
Project("{2150E333-8FDC-42A3-9474-1A3956D46DE8}") = "Infrastructure", "Infrastructure", "{39062250-ADA5-4B37-BD5A-0F0F56DF6C50}"
EndProject
Project("{9A19103F-16F7-4668-BE54-9A1E7A4F7556}") = "Persistence", "src\Persistance\Persistence.csproj", "{FC6FA048-1FAF-47C5-A5B1-25856FAB51D4}"
EndProject
Project("{2150E333-8FDC-42A3-9474-1A3956D46DE8}") = "Test", "Test", "{67001DCD-BC43-4457-A7A0-4114C44CFA60}"
EndProject
Project("{9A19103F-16F7-4668-BE54-9A1E7A4F7556}") = "Domain.Test", "test\Domain.Test\Domain.Test.csproj", "{26E2582D-1DC5-4A13-8622-ABC6A1F8D547}"
EndProject
Project("{9A19103F-16F7-4668-BE54-9A1E7A4F7556}") = "Framework.CQRS", "Framework\Framework.CQRS\Framework.CQRS.csproj", "{4A2486F3-BABF-4EA0-AC82-0E5D267C180E}"
EndProject
Project("{9A19103F-16F7-4668-BE54-9A1E7A4F7556}") = "Framework.Results", "Framework\Framework.Result\Framework.Results.csproj", "{CD710C7F-D96C-4C6D-9A5D-91BA2B062787}"
EndProject
Project("{9A19103F-16F7-4668-BE54-9A1E7A4F7556}") = "Framework.Strings", "Framework\Framework.Strings\Framework.Strings.csproj", "{D1AB3033-C541-4F83-A079-AA743812E1F6}"
EndProject
Project("{9A19103F-16F7-4668-BE54-9A1E7A4F7556}") = "Framework.DateTime", "Framework\Framework.DateTime\Framework.DateTime.csproj", "{CEEA92D7-6ABE-467F-A557-2E8E6D6C7EFB}"
EndProject
Project("{9A19103F-16F7-4668-BE54-9A1E7A4F7556}") = "Framework.DateTime.Test", "Framework\Framework.DateTime.Test\Framework.DateTime.Test.csproj", "{100AC3A3-7BDD-46EE-9992-A32591574769}"
EndProject
Project("{2150E333-8FDC-42A3-9474-1A3956D46DE8}") = "API", "API", "{313211B1-31E1-4B27-8EFF-7FD487CC2393}"
EndProject
Project("{9A19103F-16F7-4668-BE54-9A1E7A4F7556}") = "Api", "src\Api\Api.csproj", "{F55B448F-EA86-4C41-9980-457EB9D1F55A}"
EndProject
Project("{9A19103F-16F7-4668-BE54-9A1E7A4F7556}") = "Framework.EntityFrameworkCore", "Framework\Framework.EntityFrameworkCore\Framework.EntityFrameworkCore.csproj", "{DD31F85F-D2F3-4654-9AD5-29F9183D635C}"
EndProject
Project("{9A19103F-16F7-4668-BE54-9A1E7A4F7556}") = "ViewModels", "src\ViewModels\ViewModels.csproj", "{36AB7037-29EA-479D-86F8-82F511479CB7}"
EndProject
Project("{9A19103F-16F7-4668-BE54-9A1E7A4F7556}") = "Framework.DDD", "Framework\Framework.DDD\Framework.DDD.csproj", "{D2DE57BB-A06F-47E0-9C1F-15B9342493C5}"
EndProject
Project("{9A19103F-16F7-4668-BE54-9A1E7A4F7556}") = "Framework.Logging", "Framework\Framework.Logging\Framework.Logging.csproj", "{BD1ADA10-670F-4E50-BD6F-0C74F82F56A9}"
EndProject
Project("{FAE04EC0-301F-11D3-BF4B-00C04F79EFBC}") = "Application", "src\Application\Application.csproj", "{20B1166D-543E-478B-A122-8C5F0ABD8CB3}"
EndProject
Global
	GlobalSection(SolutionConfigurationPlatforms) = preSolution
		Debug|Any CPU = Debug|Any CPU
		Release|Any CPU = Release|Any CPU
	EndGlobalSection
	GlobalSection(ProjectConfigurationPlatforms) = postSolution
		{CA4A1953-64C1-4424-870E-51696051638E}.Debug|Any CPU.ActiveCfg = Debug|Any CPU
		{CA4A1953-64C1-4424-870E-51696051638E}.Debug|Any CPU.Build.0 = Debug|Any CPU
		{CA4A1953-64C1-4424-870E-51696051638E}.Release|Any CPU.ActiveCfg = Release|Any CPU
		{CA4A1953-64C1-4424-870E-51696051638E}.Release|Any CPU.Build.0 = Release|Any CPU
		{A14BDB3D-ECC5-48C2-8629-05B6AB1A8980}.Debug|Any CPU.ActiveCfg = Debug|Any CPU
		{A14BDB3D-ECC5-48C2-8629-05B6AB1A8980}.Debug|Any CPU.Build.0 = Debug|Any CPU
		{A14BDB3D-ECC5-48C2-8629-05B6AB1A8980}.Release|Any CPU.ActiveCfg = Release|Any CPU
		{A14BDB3D-ECC5-48C2-8629-05B6AB1A8980}.Release|Any CPU.Build.0 = Release|Any CPU
		{FC6FA048-1FAF-47C5-A5B1-25856FAB51D4}.Debug|Any CPU.ActiveCfg = Debug|Any CPU
		{FC6FA048-1FAF-47C5-A5B1-25856FAB51D4}.Debug|Any CPU.Build.0 = Debug|Any CPU
		{FC6FA048-1FAF-47C5-A5B1-25856FAB51D4}.Release|Any CPU.ActiveCfg = Release|Any CPU
		{FC6FA048-1FAF-47C5-A5B1-25856FAB51D4}.Release|Any CPU.Build.0 = Release|Any CPU
		{26E2582D-1DC5-4A13-8622-ABC6A1F8D547}.Debug|Any CPU.ActiveCfg = Debug|Any CPU
		{26E2582D-1DC5-4A13-8622-ABC6A1F8D547}.Debug|Any CPU.Build.0 = Debug|Any CPU
		{26E2582D-1DC5-4A13-8622-ABC6A1F8D547}.Release|Any CPU.ActiveCfg = Release|Any CPU
		{26E2582D-1DC5-4A13-8622-ABC6A1F8D547}.Release|Any CPU.Build.0 = Release|Any CPU
		{4A2486F3-BABF-4EA0-AC82-0E5D267C180E}.Debug|Any CPU.ActiveCfg = Debug|Any CPU
		{4A2486F3-BABF-4EA0-AC82-0E5D267C180E}.Debug|Any CPU.Build.0 = Debug|Any CPU
		{4A2486F3-BABF-4EA0-AC82-0E5D267C180E}.Release|Any CPU.ActiveCfg = Release|Any CPU
		{4A2486F3-BABF-4EA0-AC82-0E5D267C180E}.Release|Any CPU.Build.0 = Release|Any CPU
		{CD710C7F-D96C-4C6D-9A5D-91BA2B062787}.Debug|Any CPU.ActiveCfg = Debug|Any CPU
		{CD710C7F-D96C-4C6D-9A5D-91BA2B062787}.Debug|Any CPU.Build.0 = Debug|Any CPU
		{CD710C7F-D96C-4C6D-9A5D-91BA2B062787}.Release|Any CPU.ActiveCfg = Release|Any CPU
		{CD710C7F-D96C-4C6D-9A5D-91BA2B062787}.Release|Any CPU.Build.0 = Release|Any CPU
		{D1AB3033-C541-4F83-A079-AA743812E1F6}.Debug|Any CPU.ActiveCfg = Debug|Any CPU
		{D1AB3033-C541-4F83-A079-AA743812E1F6}.Debug|Any CPU.Build.0 = Debug|Any CPU
		{D1AB3033-C541-4F83-A079-AA743812E1F6}.Release|Any CPU.ActiveCfg = Release|Any CPU
		{D1AB3033-C541-4F83-A079-AA743812E1F6}.Release|Any CPU.Build.0 = Release|Any CPU
		{CEEA92D7-6ABE-467F-A557-2E8E6D6C7EFB}.Debug|Any CPU.ActiveCfg = Debug|Any CPU
		{CEEA92D7-6ABE-467F-A557-2E8E6D6C7EFB}.Debug|Any CPU.Build.0 = Debug|Any CPU
		{CEEA92D7-6ABE-467F-A557-2E8E6D6C7EFB}.Release|Any CPU.ActiveCfg = Release|Any CPU
		{CEEA92D7-6ABE-467F-A557-2E8E6D6C7EFB}.Release|Any CPU.Build.0 = Release|Any CPU
		{100AC3A3-7BDD-46EE-9992-A32591574769}.Debug|Any CPU.ActiveCfg = Debug|Any CPU
		{100AC3A3-7BDD-46EE-9992-A32591574769}.Debug|Any CPU.Build.0 = Debug|Any CPU
		{100AC3A3-7BDD-46EE-9992-A32591574769}.Release|Any CPU.ActiveCfg = Release|Any CPU
		{100AC3A3-7BDD-46EE-9992-A32591574769}.Release|Any CPU.Build.0 = Release|Any CPU
		{F55B448F-EA86-4C41-9980-457EB9D1F55A}.Debug|Any CPU.ActiveCfg = Debug|Any CPU
		{F55B448F-EA86-4C41-9980-457EB9D1F55A}.Debug|Any CPU.Build.0 = Debug|Any CPU
		{F55B448F-EA86-4C41-9980-457EB9D1F55A}.Release|Any CPU.ActiveCfg = Release|Any CPU
		{F55B448F-EA86-4C41-9980-457EB9D1F55A}.Release|Any CPU.Build.0 = Release|Any CPU
		{DD31F85F-D2F3-4654-9AD5-29F9183D635C}.Debug|Any CPU.ActiveCfg = Debug|Any CPU
		{DD31F85F-D2F3-4654-9AD5-29F9183D635C}.Debug|Any CPU.Build.0 = Debug|Any CPU
		{DD31F85F-D2F3-4654-9AD5-29F9183D635C}.Release|Any CPU.ActiveCfg = Release|Any CPU
		{DD31F85F-D2F3-4654-9AD5-29F9183D635C}.Release|Any CPU.Build.0 = Release|Any CPU
		{36AB7037-29EA-479D-86F8-82F511479CB7}.Debug|Any CPU.ActiveCfg = Debug|Any CPU
		{36AB7037-29EA-479D-86F8-82F511479CB7}.Debug|Any CPU.Build.0 = Debug|Any CPU
		{36AB7037-29EA-479D-86F8-82F511479CB7}.Release|Any CPU.ActiveCfg = Release|Any CPU
		{36AB7037-29EA-479D-86F8-82F511479CB7}.Release|Any CPU.Build.0 = Release|Any CPU
		{D2DE57BB-A06F-47E0-9C1F-15B9342493C5}.Debug|Any CPU.ActiveCfg = Debug|Any CPU
		{D2DE57BB-A06F-47E0-9C1F-15B9342493C5}.Debug|Any CPU.Build.0 = Debug|Any CPU
		{D2DE57BB-A06F-47E0-9C1F-15B9342493C5}.Release|Any CPU.ActiveCfg = Release|Any CPU
		{D2DE57BB-A06F-47E0-9C1F-15B9342493C5}.Release|Any CPU.Build.0 = Release|Any CPU
		{BD1ADA10-670F-4E50-BD6F-0C74F82F56A9}.Debug|Any CPU.ActiveCfg = Debug|Any CPU
		{BD1ADA10-670F-4E50-BD6F-0C74F82F56A9}.Debug|Any CPU.Build.0 = Debug|Any CPU
		{BD1ADA10-670F-4E50-BD6F-0C74F82F56A9}.Release|Any CPU.ActiveCfg = Release|Any CPU
		{BD1ADA10-670F-4E50-BD6F-0C74F82F56A9}.Release|Any CPU.Build.0 = Release|Any CPU
		{20B1166D-543E-478B-A122-8C5F0ABD8CB3}.Debug|Any CPU.ActiveCfg = Debug|Any CPU
		{20B1166D-543E-478B-A122-8C5F0ABD8CB3}.Debug|Any CPU.Build.0 = Debug|Any CPU
		{20B1166D-543E-478B-A122-8C5F0ABD8CB3}.Release|Any CPU.ActiveCfg = Release|Any CPU
		{20B1166D-543E-478B-A122-8C5F0ABD8CB3}.Release|Any CPU.Build.0 = Release|Any CPU
	EndGlobalSection
	GlobalSection(SolutionProperties) = preSolution
		HideSolutionNode = FALSE
	EndGlobalSection
	GlobalSection(NestedProjects) = preSolution
		{CA4A1953-64C1-4424-870E-51696051638E} = {1E3AED04-43DF-448A-BBBE-3DCA55A704D8}
		{A14BDB3D-ECC5-48C2-8629-05B6AB1A8980} = {775413F3-A4E7-4952-8E29-0FA6F5AE2E30}
		{FC6FA048-1FAF-47C5-A5B1-25856FAB51D4} = {39062250-ADA5-4B37-BD5A-0F0F56DF6C50}
		{26E2582D-1DC5-4A13-8622-ABC6A1F8D547} = {67001DCD-BC43-4457-A7A0-4114C44CFA60}
		{4A2486F3-BABF-4EA0-AC82-0E5D267C180E} = {9976A387-5B08-423E-ACFB-2118300422F8}
		{CD710C7F-D96C-4C6D-9A5D-91BA2B062787} = {9976A387-5B08-423E-ACFB-2118300422F8}
		{D1AB3033-C541-4F83-A079-AA743812E1F6} = {9976A387-5B08-423E-ACFB-2118300422F8}
		{CEEA92D7-6ABE-467F-A557-2E8E6D6C7EFB} = {9976A387-5B08-423E-ACFB-2118300422F8}
		{100AC3A3-7BDD-46EE-9992-A32591574769} = {9976A387-5B08-423E-ACFB-2118300422F8}
		{F55B448F-EA86-4C41-9980-457EB9D1F55A} = {313211B1-31E1-4B27-8EFF-7FD487CC2393}
		{DD31F85F-D2F3-4654-9AD5-29F9183D635C} = {9976A387-5B08-423E-ACFB-2118300422F8}
		{36AB7037-29EA-479D-86F8-82F511479CB7} = {39062250-ADA5-4B37-BD5A-0F0F56DF6C50}
		{D2DE57BB-A06F-47E0-9C1F-15B9342493C5} = {9976A387-5B08-423E-ACFB-2118300422F8}
		{BD1ADA10-670F-4E50-BD6F-0C74F82F56A9} = {9976A387-5B08-423E-ACFB-2118300422F8}
		{20B1166D-543E-478B-A122-8C5F0ABD8CB3} = {39062250-ADA5-4B37-BD5A-0F0F56DF6C50}
	EndGlobalSection
	GlobalSection(ExtensibilityGlobals) = postSolution
		SolutionGuid = {2557AA1C-215B-4980-9765-983F001571E9}
	EndGlobalSection
EndGlobal
